
Microsoft Visual Studio Solution File, Format Version 12.00
# Visual Studio 14
VisualStudioVersion = 14.0.24720.0
MinimumVisualStudioVersion = 10.0.40219.1
Project("{FAE04EC0-301F-11D3-BF4B-00C04F79EFBC}") = "GlobalSauce", "GlobalSauce\GlobalSauce.csproj", "{308AD98E-17E5-40C2-8486-610C41A09FF2}"
EndProject
Project("{FAE04EC0-301F-11D3-BF4B-00C04F79EFBC}") = "Globalization", "Globalization\Globalization.csproj", "{B28ECA8A-87B4-43E1-A680-8648EA621DCD}"
EndProject
Project("{2150E333-8FDC-42A3-9474-1A3956D46DE8}") = ".nuget", ".nuget", "{F2DC3DD9-D84D-4D34-8991-696147EF5DCF}"
	ProjectSection(SolutionItems) = preProject
		.nuget\NuGet.Config = .nuget\NuGet.Config
		.nuget\NuGet.exe = .nuget\NuGet.exe
		.nuget\NuGet.targets = .nuget\NuGet.targets
	EndProjectSection
EndProject
Project("{FAE04EC0-301F-11D3-BF4B-00C04F79EFBC}") = "ConsoleApplication1", "ConsoleApplication1\ConsoleApplication1.csproj", "{8F7C475F-AB2A-471F-B641-641D642B5F38}"
EndProject
Project("{FAE04EC0-301F-11D3-BF4B-00C04F79EFBC}") = "JSON2RESX", "JSON2RESX\JSON2RESX.csproj", "{FE9087B0-EB8D-4822-A6AC-E20DD2A8A9CE}"
EndProject
Global
	GlobalSection(SolutionConfigurationPlatforms) = preSolution
		Debug|Any CPU = Debug|Any CPU
		Release|Any CPU = Release|Any CPU
	EndGlobalSection
	GlobalSection(ProjectConfigurationPlatforms) = postSolution
		{308AD98E-17E5-40C2-8486-610C41A09FF2}.Debug|Any CPU.ActiveCfg = Debug|Any CPU
		{308AD98E-17E5-40C2-8486-610C41A09FF2}.Debug|Any CPU.Build.0 = Debug|Any CPU
		{308AD98E-17E5-40C2-8486-610C41A09FF2}.Release|Any CPU.ActiveCfg = Release|Any CPU
		{308AD98E-17E5-40C2-8486-610C41A09FF2}.Release|Any CPU.Build.0 = Release|Any CPU
		{B28ECA8A-87B4-43E1-A680-8648EA621DCD}.Debug|Any CPU.ActiveCfg = Debug|Any CPU
		{B28ECA8A-87B4-43E1-A680-8648EA621DCD}.Debug|Any CPU.Build.0 = Debug|Any CPU
		{B28ECA8A-87B4-43E1-A680-8648EA621DCD}.Release|Any CPU.ActiveCfg = Release|Any CPU
		{B28ECA8A-87B4-43E1-A680-8648EA621DCD}.Release|Any CPU.Build.0 = Release|Any CPU
		{8F7C475F-AB2A-471F-B641-641D642B5F38}.Debug|Any CPU.ActiveCfg = Debug|Any CPU
		{8F7C475F-AB2A-471F-B641-641D642B5F38}.Debug|Any CPU.Build.0 = Debug|Any CPU
		{8F7C475F-AB2A-471F-B641-641D642B5F38}.Release|Any CPU.ActiveCfg = Release|Any CPU
		{8F7C475F-AB2A-471F-B641-641D642B5F38}.Release|Any CPU.Build.0 = Release|Any CPU
		{FE9087B0-EB8D-4822-A6AC-E20DD2A8A9CE}.Debug|Any CPU.ActiveCfg = Debug|Any CPU
		{FE9087B0-EB8D-4822-A6AC-E20DD2A8A9CE}.Debug|Any CPU.Build.0 = Debug|Any CPU
		{FE9087B0-EB8D-4822-A6AC-E20DD2A8A9CE}.Release|Any CPU.ActiveCfg = Release|Any CPU
		{FE9087B0-EB8D-4822-A6AC-E20DD2A8A9CE}.Release|Any CPU.Build.0 = Release|Any CPU
	EndGlobalSection
	GlobalSection(SolutionProperties) = preSolution
		HideSolutionNode = FALSE
	EndGlobalSection
EndGlobal
